
Microsoft Visual Studio Solution File, Format Version 12.00
# Visual Studio Version 17
VisualStudioVersion = 17.5.33414.496
MinimumVisualStudioVersion = 10.0.40219.1
Project("{FAE04EC0-301F-11D3-BF4B-00C04F79EFBC}") = "protocolGUI", "protocolGUI.csproj", "{3595469F-5398-4952-B89D-268A86549982}"
EndProject
Global
	GlobalSection(SolutionConfigurationPlatforms) = preSolution
		Debug|Any CPU = Debug|Any CPU
		Release|Any CPU = Release|Any CPU
	EndGlobalSection
	GlobalSection(ProjectConfigurationPlatforms) = postSolution
		{3595469F-5398-4952-B89D-268A86549982}.Debug|Any CPU.ActiveCfg = Debug|Any CPU
		{3595469F-5398-4952-B89D-268A86549982}.Debug|Any CPU.Build.0 = Debug|Any CPU
		{3595469F-5398-4952-B89D-268A86549982}.Release|Any CPU.ActiveCfg = Release|Any CPU
		{3595469F-5398-4952-B89D-268A86549982}.Release|Any CPU.Build.0 = Release|Any CPU
	EndGlobalSection
	GlobalSection(SolutionProperties) = preSolution
		HideSolutionNode = FALSE
	EndGlobalSection
	GlobalSection(ExtensibilityGlobals) = postSolution
		SolutionGuid = {C020D73B-D1FF-41C5-8E0D-D65F7A1B3F38}
	EndGlobalSection
EndGlobal
